# Generated by buf. DO NOT EDIT.
version: v1
deps:
  - remote: buf.build
    owner: bufbuild
    repository: protovalidate
    commit: 511051f7f4374c3ca873b53ae68a9288
    digest: shake256:b91195e22365fb4736bb8ace3d463030446c7e2fc347af38be074bdc335531150ec5c648f9f75c7993199e2cb85c62c21928f1b9113175c32348ad5f453ef99f
